
Microsoft Visual Studio Solution File, Format Version 12.00
# Visual Studio Version 17
VisualStudioVersion = 17.1.32407.343
MinimumVisualStudioVersion = 10.0.40219.1
Project("{2150E333-8FDC-42A3-9474-1A3956D46DE8}") = "0 - Solution Items", "0 - Solution Items", "{7B3738E0-6F86-4358-B55C-5AAD42B24F81}"
	ProjectSection(SolutionItems) = preProject
		.editorconfig = .editorconfig
		.gitignore = .gitignore
		.gitlab-ci.yml = .gitlab-ci.yml
		compose.yaml = compose.yaml
		compose.override.yaml = compose.override.yaml
		CONTRIBUTING.md = CONTRIBUTING.md
		Directory.Build.props = Directory.Build.props
		README.md = README.md
	EndProjectSection
EndProject
Project("{2150E333-8FDC-42A3-9474-1A3956D46DE8}") = "3 - Applications", "3 - Applications", "{6D13F54F-4547-49C7-8136-01BFB4BBEE1E}"
EndProject
Project("{2150E333-8FDC-42A3-9474-1A3956D46DE8}") = "2 - Business", "2 - Business", "{E9839BEC-B050-43E9-8EFD-34659CC92D93}"
EndProject
Project("{9A19103F-16F7-4668-BE54-9A1E7A4F7556}") = "WebApi", "src\WebApi\WebApi.csproj", "{5CD7A689-5ADB-4207-972E-6FA881AF1B1C}"
EndProject
Project("{9A19103F-16F7-4668-BE54-9A1E7A4F7556}") = "Domain", "src\Domain\Domain.csproj", "{A5CAD112-C1E6-442B-BE0E-37C697030636}"
EndProject
Project("{9A19103F-16F7-4668-BE54-9A1E7A4F7556}") = "Infrastructure.MongoDb", "src\Infrastructure.MongoDb\Infrastructure.MongoDb.csproj", "{0429A41A-2D3A-42D4-8736-5FC0F6F0FF0C}"
EndProject
Project("{9A19103F-16F7-4668-BE54-9A1E7A4F7556}") = "Common.MongoDb", "src\Common.MongoDb\Common.MongoDb.csproj", "{49BF313A-4ED3-4BD2-9AEE-E44A5ED19C0C}"
EndProject
Project("{2150E333-8FDC-42A3-9474-1A3956D46DE8}") = "samples", "samples", "{3C2E7F7E-1F8E-49D1-AD56-EC60BEB5299D}"
EndProject
Project("{9A19103F-16F7-4668-BE54-9A1E7A4F7556}") = "Common.AspNetCore", "src\Common.AspNetCore\Common.AspNetCore.csproj", "{F23098F5-355B-46F0-BABE-3D6E23D8EED7}"
EndProject
Project("{2150E333-8FDC-42A3-9474-1A3956D46DE8}") = "docker-nginx", "docker-nginx", "{001CB9EB-2F7E-4288-BA9B-1E01ED43B8FF}"
	ProjectSection(SolutionItems) = preProject
		samples\docker-nginx\main.tf = samples\docker-nginx\main.tf
		samples\docker-nginx\outputs.tf = samples\docker-nginx\outputs.tf
		samples\docker-nginx\providers.tf = samples\docker-nginx\providers.tf
		samples\docker-nginx\README.md = samples\docker-nginx\README.md
		samples\docker-nginx\variables.tf = samples\docker-nginx\variables.tf
	EndProjectSection
EndProject
Project("{2150E333-8FDC-42A3-9474-1A3956D46DE8}") = "scripts", "scripts", "{7F01D180-1A34-4377-B4E5-C852D8302CE7}"
	ProjectSection(SolutionItems) = preProject
		scripts\tfbeadm = scripts\tfbeadm
	EndProjectSection
EndProject
Project("{9A19103F-16F7-4668-BE54-9A1E7A4F7556}") = "WebApi.IntegrationTests", "test\WebApi.IntegrationTests\WebApi.IntegrationTests.csproj", "{B055FFAF-8261-43B1-866A-12E289D5D7DC}"
EndProject
Project("{9A19103F-16F7-4668-BE54-9A1E7A4F7556}") = "Common.AspNetCore.WebApi", "src\Common.AspNetCore.WebApi\Common.AspNetCore.WebApi.csproj", "{19336002-C959-4E76-B112-861F93CF6423}"
EndProject
Project("{2150E333-8FDC-42A3-9474-1A3956D46DE8}") = "1 - Framework", "1 - Framework", "{0C1E6968-B289-4378-84CF-B64E05E643A5}"
EndProject
Project("{2150E333-8FDC-42A3-9474-1A3956D46DE8}") = "local-files", "local-files", "{02EA681E-C7D8-13C7-8484-4AC65E1B71E8}"
	ProjectSection(SolutionItems) = preProject
		samples\local-files\main.tf = samples\local-files\main.tf
		samples\local-files\README.md = samples\local-files\README.md
	EndProjectSection
EndProject
Project("{2150E333-8FDC-42A3-9474-1A3956D46DE8}") = "docs", "docs", "{FF437226-25A3-491B-B433-F4760EC45D25}"
	ProjectSection(SolutionItems) = preProject
		docs\index.md = docs\index.md
		mkdocs.yml = mkdocs.yml
		docs\project.md = docs\project.md
		docs\quickstart.md = docs\quickstart.md
		docs\setup.md = docs\setup.md
		docs\usage.md = docs\usage.md
	EndProjectSection
EndProject
Global
	GlobalSection(SolutionConfigurationPlatforms) = preSolution
		Debug|Any CPU = Debug|Any CPU
		Release|Any CPU = Release|Any CPU
	EndGlobalSection
	GlobalSection(ProjectConfigurationPlatforms) = postSolution
		{5CD7A689-5ADB-4207-972E-6FA881AF1B1C}.Debug|Any CPU.ActiveCfg = Debug|Any CPU
		{5CD7A689-5ADB-4207-972E-6FA881AF1B1C}.Debug|Any CPU.Build.0 = Debug|Any CPU
		{5CD7A689-5ADB-4207-972E-6FA881AF1B1C}.Release|Any CPU.ActiveCfg = Release|Any CPU
		{5CD7A689-5ADB-4207-972E-6FA881AF1B1C}.Release|Any CPU.Build.0 = Release|Any CPU
		{A5CAD112-C1E6-442B-BE0E-37C697030636}.Debug|Any CPU.ActiveCfg = Debug|Any CPU
		{A5CAD112-C1E6-442B-BE0E-37C697030636}.Debug|Any CPU.Build.0 = Debug|Any CPU
		{A5CAD112-C1E6-442B-BE0E-37C697030636}.Release|Any CPU.ActiveCfg = Release|Any CPU
		{A5CAD112-C1E6-442B-BE0E-37C697030636}.Release|Any CPU.Build.0 = Release|Any CPU
		{0429A41A-2D3A-42D4-8736-5FC0F6F0FF0C}.Debug|Any CPU.ActiveCfg = Debug|Any CPU
		{0429A41A-2D3A-42D4-8736-5FC0F6F0FF0C}.Debug|Any CPU.Build.0 = Debug|Any CPU
		{0429A41A-2D3A-42D4-8736-5FC0F6F0FF0C}.Release|Any CPU.ActiveCfg = Release|Any CPU
		{0429A41A-2D3A-42D4-8736-5FC0F6F0FF0C}.Release|Any CPU.Build.0 = Release|Any CPU
		{49BF313A-4ED3-4BD2-9AEE-E44A5ED19C0C}.Debug|Any CPU.ActiveCfg = Debug|Any CPU
		{49BF313A-4ED3-4BD2-9AEE-E44A5ED19C0C}.Debug|Any CPU.Build.0 = Debug|Any CPU
		{49BF313A-4ED3-4BD2-9AEE-E44A5ED19C0C}.Release|Any CPU.ActiveCfg = Release|Any CPU
		{49BF313A-4ED3-4BD2-9AEE-E44A5ED19C0C}.Release|Any CPU.Build.0 = Release|Any CPU
		{F23098F5-355B-46F0-BABE-3D6E23D8EED7}.Debug|Any CPU.ActiveCfg = Debug|Any CPU
		{F23098F5-355B-46F0-BABE-3D6E23D8EED7}.Debug|Any CPU.Build.0 = Debug|Any CPU
		{F23098F5-355B-46F0-BABE-3D6E23D8EED7}.Release|Any CPU.ActiveCfg = Release|Any CPU
		{F23098F5-355B-46F0-BABE-3D6E23D8EED7}.Release|Any CPU.Build.0 = Release|Any CPU
		{B055FFAF-8261-43B1-866A-12E289D5D7DC}.Debug|Any CPU.ActiveCfg = Debug|Any CPU
		{B055FFAF-8261-43B1-866A-12E289D5D7DC}.Debug|Any CPU.Build.0 = Debug|Any CPU
		{B055FFAF-8261-43B1-866A-12E289D5D7DC}.Release|Any CPU.ActiveCfg = Release|Any CPU
		{B055FFAF-8261-43B1-866A-12E289D5D7DC}.Release|Any CPU.Build.0 = Release|Any CPU
		{19336002-C959-4E76-B112-861F93CF6423}.Debug|Any CPU.ActiveCfg = Debug|Any CPU
		{19336002-C959-4E76-B112-861F93CF6423}.Debug|Any CPU.Build.0 = Debug|Any CPU
		{19336002-C959-4E76-B112-861F93CF6423}.Release|Any CPU.ActiveCfg = Release|Any CPU
		{19336002-C959-4E76-B112-861F93CF6423}.Release|Any CPU.Build.0 = Release|Any CPU
	EndGlobalSection
	GlobalSection(SolutionProperties) = preSolution
		HideSolutionNode = FALSE
	EndGlobalSection
	GlobalSection(NestedProjects) = preSolution
		{5CD7A689-5ADB-4207-972E-6FA881AF1B1C} = {6D13F54F-4547-49C7-8136-01BFB4BBEE1E}
		{A5CAD112-C1E6-442B-BE0E-37C697030636} = {E9839BEC-B050-43E9-8EFD-34659CC92D93}
		{0429A41A-2D3A-42D4-8736-5FC0F6F0FF0C} = {E9839BEC-B050-43E9-8EFD-34659CC92D93}
		{49BF313A-4ED3-4BD2-9AEE-E44A5ED19C0C} = {0C1E6968-B289-4378-84CF-B64E05E643A5}
		{3C2E7F7E-1F8E-49D1-AD56-EC60BEB5299D} = {7B3738E0-6F86-4358-B55C-5AAD42B24F81}
		{F23098F5-355B-46F0-BABE-3D6E23D8EED7} = {0C1E6968-B289-4378-84CF-B64E05E643A5}
		{001CB9EB-2F7E-4288-BA9B-1E01ED43B8FF} = {3C2E7F7E-1F8E-49D1-AD56-EC60BEB5299D}
		{7F01D180-1A34-4377-B4E5-C852D8302CE7} = {7B3738E0-6F86-4358-B55C-5AAD42B24F81}
		{B055FFAF-8261-43B1-866A-12E289D5D7DC} = {6D13F54F-4547-49C7-8136-01BFB4BBEE1E}
		{19336002-C959-4E76-B112-861F93CF6423} = {0C1E6968-B289-4378-84CF-B64E05E643A5}
		{02EA681E-C7D8-13C7-8484-4AC65E1B71E8} = {3C2E7F7E-1F8E-49D1-AD56-EC60BEB5299D}
		{FF437226-25A3-491B-B433-F4760EC45D25} = {7B3738E0-6F86-4358-B55C-5AAD42B24F81}
	EndGlobalSection
	GlobalSection(ExtensibilityGlobals) = postSolution
		SolutionGuid = {DC545534-6A10-475B-A0DA-3374CC025D82}
	EndGlobalSection
EndGlobal
